{
  "name": "@davesnx/styled-ppx",
  "version": "0.57.0",
  "lockfileVersion": 2,
  "requires": true,
  "packages": {
    "": {
      "name": "@davesnx/styled-ppx",
      "version": "0.57.0",
      "license": "BSD-2",
      "peerDependencies": {
        "rescript": ">=9.0"
      }
    },
    "node_modules/rescript": {
      "version": "11.1.2",
      "resolved": "https://registry.npmjs.org/rescript/-/rescript-11.1.2.tgz",
      "integrity": "sha512-sA4EgPoPbwGM/+R8xkZJzgr1gvnA1E/Gxjg6DXSG8csl8ttrSBMwHYK4FtGF0K9Ej5NRgsvIi7p/v/dtLB/cjg==",
      "hasInstallScript": true,
      "peer": true,
      "bin": {
        "bsc": "bsc",
        "bstracing": "lib/bstracing",
        "rescript": "rescript"
      },
      "engines": {
        "node": ">=10"
      }
    }
  },
  "dependencies": {
    "rescript": {
      "version": "11.1.2",
      "resolved": "https://registry.npmjs.org/rescript/-/rescript-11.1.2.tgz",
      "integrity": "sha512-sA4EgPoPbwGM/+R8xkZJzgr1gvnA1E/Gxjg6DXSG8csl8ttrSBMwHYK4FtGF0K9Ej5NRgsvIi7p/v/dtLB/cjg==",
      "peer": true
    }
  }
}
